
Microsoft Visual Studio Solution File, Format Version 12.00
# Visual Studio Version 16
VisualStudioVersion = 16.0.29519.87
MinimumVisualStudioVersion = 10.0.40219.1
Project("{FAE04EC0-301F-11D3-BF4B-00C04F79EFBC}") = "CabInstaller", "CabInstaller.csproj", "{541C671B-8796-4661-B061-F5A2FB225351}"
EndProject
Global
	GlobalSection(SolutionConfigurationPlatforms) = preSolution
		Debug|Any CPU = Debug|Any CPU
		Release|Any CPU = Release|Any CPU
	EndGlobalSection
	GlobalSection(ProjectConfigurationPlatforms) = postSolution
		{541C671B-8796-4661-B061-F5A2FB225351}.Debug|Any CPU.ActiveCfg = Debug|Any CPU
		{541C671B-8796-4661-B061-F5A2FB225351}.Debug|Any CPU.Build.0 = Debug|Any CPU
		{541C671B-8796-4661-B061-F5A2FB225351}.Release|Any CPU.ActiveCfg = Release|Any CPU
		{541C671B-8796-4661-B061-F5A2FB225351}.Release|Any CPU.Build.0 = Release|Any CPU
	EndGlobalSection
	GlobalSection(SolutionProperties) = preSolution
		HideSolutionNode = FALSE
	EndGlobalSection
	GlobalSection(ExtensibilityGlobals) = postSolution
		SolutionGuid = {FB874717-96B4-45EA-9C46-12BE5F11F320}
	EndGlobalSection
EndGlobal
